// !$*UTF8*$!
{
	archiveVersion = 1;
	classes = {
	};
	objectVersion = 46;
	objects = {

/* Begin PBXBuildFile section */
		49086BBA1BCC38A500E68F5A /* AppDelegate.swift in Sources */ = {isa = PBXBuildFile; fileRef = 49086BB91BCC38A500E68F5A /* AppDelegate.swift */; };
		49086BBC1BCC38A500E68F5A /* ViewController.swift in Sources */ = {isa = PBXBuildFile; fileRef = 49086BBB1BCC38A500E68F5A /* ViewController.swift */; };
		49086BBF1BCC38A500E68F5A /* Main.storyboard in Resources */ = {isa = PBXBuildFile; fileRef = 49086BBD1BCC38A500E68F5A /* Main.storyboard */; };
		49086BC11BCC38A500E68F5A /* Images.xcassets in Resources */ = {isa = PBXBuildFile; fileRef = 49086BC01BCC38A500E68F5A /* Images.xcassets */; };
		49086BC41BCC38A500E68F5A /* LaunchScreen.xib in Resources */ = {isa = PBXBuildFile; fileRef = 49086BC21BCC38A500E68F5A /* LaunchScreen.xib */; };
		49086BD01BCC38A500E68F5A /* SupercoolTests.swift in Sources */ = {isa = PBXBuildFile; fileRef = 49086BCF1BCC38A500E68F5A /* SupercoolTests.swift */; };
/* End PBXBuildFile section */

/* Begin PBXContainerItemProxy section */
		49086BCA1BCC38A500E68F5A /* PBXContainerItemProxy */ = {
			isa = PBXContainerItemProxy;
			containerPortal = 49086BAC1BCC38A500E68F5A /* Project object */;
			proxyType = 1;
			remoteGlobalIDString = 49086BB31BCC38A500E68F5A;
			remoteInfo = Supercool;
		};
/* End PBXContainerItemProxy section */

/* Begin PBXFileReference section */
		49086BB41BCC38A500E68F5A /* Supercool.app */ = {isa = PBXFileReference; explicitFileType = wrapper.application; includeInIndex = 0; path = Supercool.app; sourceTree = BUILT_PRODUCTS_DIR; };
		49086BB81BCC38A500E68F5A /* Info.plist */ = {isa = PBXFileReference; lastKnownFileType = text.plist.xml; path = Info.plist; sourceTree = "<group>"; };
		49086BB91BCC38A500E68F5A /* AppDelegate.swift */ = {isa = PBXFileReference; lastKnownFileType = sourcecode.swift; path = AppDelegate.swift; sourceTree = "<group>"; };
		49086BBB1BCC38A500E68F5A /* ViewController.swift */ = {isa = PBXFileReference; lastKnownFileType = sourcecode.swift; path = ViewController.swift; sourceTree = "<group>"; };
		49086BBE1BCC38A500E68F5A /* Base */ = {isa = PBXFileReference; lastKnownFileType = file.storyboard; name = Base; path = Base.lproj/Main.storyboard; sourceTree = "<group>"; };
		49086BC01BCC38A500E68F5A /* Images.xcassets */ = {isa = PBXFileReference; lastKnownFileType = folder.assetcatalog; path = Images.xcassets; sourceTree = "<group>"; };
		49086BC31BCC38A500E68F5A /* Base */ = {isa = PBXFileReference; lastKnownFileType = file.xib; name = Base; path = Base.lproj/LaunchScreen.xib; sourceTree = "<group>"; };
		49086BC91BCC38A500E68F5A /* SupercoolTests.xctest */ = {isa = PBXFileReference; explicitFileType = wrapper.cfbundle; includeInIndex = 0; path = SupercoolTests.xctest; sourceTree = BUILT_PRODUCTS_DIR; };
		49086BCE1BCC38A500E68F5A /* Info.plist */ = {isa = PBXFileReference; lastKnownFileType = text.plist.xml; path = Info.plist; sourceTree = "<group>"; };
		49086BCF1BCC38A500E68F5A /* SupercoolTests.swift */ = {isa = PBXFileReference; lastKnownFileType = sourcecode.swift; path = SupercoolTests.swift; sourceTree = "<group>"; };
/* End PBXFileReference section */

/* Begin PBXFrameworksBuildPhase section */
		49086BB11BCC38A500E68F5A /* Frameworks */ = {
			isa = PBXFrameworksBuildPhase;
			buildActionMask = 2147483647;
			files = (
			);
			runOnlyForDeploymentPostprocessing = 0;
		};
		49086BC61BCC38A500E68F5A /* Frameworks */ = {
			isa = PBXFrameworksBuildPhase;
			buildActionMask = 2147483647;
			files = (
			);
			runOnlyForDeploymentPostprocessing = 0;
		};
/* End PBXFrameworksBuildPhase section */

/* Begin PBXGroup section */
		49086BAB1BCC38A500E68F5A = {
			isa = PBXGroup;
			children = (
				49086BB61BCC38A500E68F5A /* Supercool */,
				49086BCC1BCC38A500E68F5A /* SupercoolTests */,
				49086BB51BCC38A500E68F5A /* Products */,
			);
			sourceTree = "<group>";
		};
		49086BB51BCC38A500E68F5A /* Products */ = {
			isa = PBXGroup;
			children = (
				49086BB41BCC38A500E68F5A /* Supercool.app */,
				49086BC91BCC38A500E68F5A /* SupercoolTests.xctest */,
			);
			name = Products;
			sourceTree = "<group>";
		};
		49086BB61BCC38A500E68F5A /* Supercool */ = {
			isa = PBXGroup;
			children = (
				49086BB91BCC38A500E68F5A /* AppDelegate.swift */,
				49086BBB1BCC38A500E68F5A /* ViewController.swift */,
				49086BBD1BCC38A500E68F5A /* Main.storyboard */,
				49086BC01BCC38A500E68F5A /* Images.xcassets */,
				49086BC21BCC38A500E68F5A /* LaunchScreen.xib */,
				49086BB71BCC38A500E68F5A /* Supporting Files */,
			);
			path = Supercool;
			sourceTree = "<group>";
		};
		49086BB71BCC38A500E68F5A /* Supporting Files */ = {
			isa = PBXGroup;
			children = (
				49086BB81BCC38A500E68F5A /* Info.plist */,
			);
			name = "Supporting Files";
			sourceTree = "<group>";
		};
		49086BCC1BCC38A500E68F5A /* SupercoolTests */ = {
			isa = PBXGroup;
			children = (
				49086BCF1BCC38A500E68F5A /* SupercoolTests.swift */,
				49086BCD1BCC38A500E68F5A /* Supporting Files */,
			);
			path = SupercoolTests;
			sourceTree = "<group>";
		};
		49086BCD1BCC38A500E68F5A /* Supporting Files */ = {
			isa = PBXGroup;
			children = (
				49086BCE1BCC38A500E68F5A /* Info.plist */,
			);
			name = "Supporting Files";
			sourceTree = "<group>";
		};
/* End PBXGroup section */

/* Begin PBXNativeTarget section */
		49086BB31BCC38A500E68F5A /* Supercool */ = {
			isa = PBXNativeTarget;
			buildConfigurationList = 49086BD31BCC38A500E68F5A /* Build configuration list for PBXNativeTarget "Supercool" */;
			buildPhases = (
				49086BB01BCC38A500E68F5A /* Sources */,
				49086BB11BCC38A500E68F5A /* Frameworks */,
				49086BB21BCC38A500E68F5A /* Resources */,
			);
			buildRules = (
			);
			dependencies = (
			);
			name = Supercool;
			productName = Supercool;
			productReference = 49086BB41BCC38A500E68F5A /* Supercool.app */;
			productType = "com.apple.product-type.application";
		};
		49086BC81BCC38A500E68F5A /* SupercoolTests */ = {
			isa = PBXNativeTarget;
			buildConfigurationList = 49086BD61BCC38A500E68F5A /* Build configuration list for PBXNativeTarget "SupercoolTests" */;
			buildPhases = (
				49086BC51BCC38A500E68F5A /* Sources */,
				49086BC61BCC38A500E68F5A /* Frameworks */,
				49086BC71BCC38A500E68F5A /* Resources */,
			);
			buildRules = (
			);
			dependencies = (
				49086BCB1BCC38A500E68F5A /* PBXTargetDependency */,
			);
			name = SupercoolTests;
			productName = SupercoolTests;
			productReference = 49086BC91BCC38A500E68F5A /* SupercoolTests.xctest */;
			productType = "com.apple.product-type.bundle.unit-test";
		};
/* End PBXNativeTarget section */

/* Begin PBXProject section */
		49086BAC1BCC38A500E68F5A /* Project object */ = {
			isa = PBXProject;
			attributes = {
				LastUpgradeCheck = 0640;
				ORGANIZATIONNAME = Andrew;
				TargetAttributes = {
					49086BB31BCC38A500E68F5A = {
						CreatedOnToolsVersion = 6.4;
					};
					49086BC81BCC38A500E68F5A = {
						CreatedOnToolsVersion = 6.4;
						TestTargetID = 49086BB31BCC38A500E68F5A;
					};
				};
			};
			buildConfigurationList = 49086BAF1BCC38A500E68F5A /* Build configuration list for PBXProject "Supercool" */;
			compatibilityVersion = "Xcode 3.2";
			developmentRegion = English;
			hasScannedForEncodings = 0;
			knownRegions = (
				en,
				Base,
			);
			mainGroup = 49086BAB1BCC38A500E68F5A;
			productRefGroup = 49086BB51BCC38A500E68F5A /* Products */;
			projectDirPath = "";
			projectRoot = "";
			targets = (
				49086BB31BCC38A500E68F5A /* Supercool */,
				49086BC81BCC38A500E68F5A /* SupercoolTests */,
			);
		};
/* End PBXProject section */

/* Begin PBXResourcesBuildPhase section */
		49086BB21BCC38A500E68F5A /* Resources */ = {
			isa = PBXResourcesBuildPhase;
			buildActionMask = 2147483647;
			files = (
				49086BBF1BCC38A500E68F5A /* Main.storyboard in Resources */,
				49086BC41BCC38A500E68F5A /* LaunchScreen.xib in Resources */,
				49086BC11BCC38A500E68F5A /* Images.xcassets in Resources */,
			);
			runOnlyForDeploymentPostprocessing = 0;
		};
		49086BC71BCC38A500E68F5A /* Resources */ = {
			isa = PBXResourcesBuildPhase;
			buildActionMask = 2147483647;
			files = (
			);
			runOnlyForDeploymentPostprocessing = 0;
		};
/* End PBXResourcesBuildPhase section */

/* Begin PBXSourcesBuildPhase section */
		49086BB01BCC38A500E68F5A /* Sources */ = {
			isa = PBXSourcesBuildPhase;
			buildActionMask = 2147483647;
			files = (
				49086BBC1BCC38A500E68F5A /* ViewController.swift in Sources */,
				49086BBA1BCC38A500E68F5A /* AppDelegate.swift in Sources */,
			);
			runOnlyForDeploymentPostprocessing = 0;
		};
		49086BC51BCC38A500E68F5A /* Sources */ = {
			isa = PBXSourcesBuildPhase;
			buildActionMask = 2147483647;
			files = (
				49086BD01BCC38A500E68F5A /* SupercoolTests.swift in Sources */,
			);
			runOnlyForDeploymentPostprocessing = 0;
		};
/* End PBXSourcesBuildPhase section */

/* Begin PBXTargetDependency section */
		49086BCB1BCC38A500E68F5A /* PBXTargetDependency */ = {
			isa = PBXTargetDependency;
			target = 49086BB31BCC38A500E68F5A /* Supercool */;
			targetProxy = 49086BCA1BCC38A500E68F5A /* PBXContainerItemProxy */;
		};
/* End PBXTargetDependency section */

/* Begin PBXVariantGroup section */
		49086BBD1BCC38A500E68F5A /* Main.storyboard */ = {
			isa = PBXVariantGroup;
			children = (
				49086BBE1BCC38A500E68F5A /* Base */,
			);
			name = Main.storyboard;
			sourceTree = "<group>";
		};
		49086BC21BCC38A500E68F5A /* LaunchScreen.xib */ = {
			isa = PBXVariantGroup;
			children = (
				49086BC31BCC38A500E68F5A /* Base */,
			);
			name = LaunchScreen.xib;
			sourceTree = "<group>";
		};
/* End PBXVariantGroup section */

/* Begin XCBuildConfiguration section */
		49086BD11BCC38A500E68F5A /* Debug */ = {
			isa = XCBuildConfiguration;
			buildSettings = {
				ALWAYS_SEARCH_USER_PATHS = NO;
				CLANG_CXX_LANGUAGE_STANDARD = "gnu++0x";
				CLANG_CXX_LIBRARY = "libc++";
				CLANG_ENABLE_MODULES = YES;
				CLANG_ENABLE_OBJC_ARC = YES;
				CLANG_WARN_BOOL_CONVERSION = YES;
				CLANG_WARN_CONSTANT_CONVERSION = YES;
				CLANG_WARN_DIRECT_OBJC_ISA_USAGE = YES_ERROR;
				CLANG_WARN_EMPTY_BODY = YES;
				CLANG_WARN_ENUM_CONVERSION = YES;
				CLANG_WARN_INT_CONVERSION = YES;
				CLANG_WARN_OBJC_ROOT_CLASS = YES_ERROR;
				CLANG_WARN_UNREACHABLE_CODE = YES;
				CLANG_WARN__DUPLICATE_METHOD_MATCH = YES;
				"CODE_SIGN_IDENTITY[sdk=iphoneos*]" = "iPhone Developer";
				COPY_PHASE_STRIP = NO;
				DEBUG_INFORMATION_FORMAT = "dwarf-with-dsym";
				ENABLE_STRICT_OBJC_MSGSEND = YES;
				GCC_C_LANGUAGE_STANDARD = gnu99;
				GCC_DYNAMIC_NO_PIC = NO;
				GCC_NO_COMMON_BLOCKS = YES;
				GCC_OPTIMIZATION_LEVEL = 0;
				GCC_PREPROCESSOR_DEFINITIONS = (
					"DEBUG=1",
					"$(inherited)",
				);
				GCC_SYMBOLS_PRIVATE_EXTERN = NO;
				GCC_WARN_64_TO_32_BIT_CONVERSION = YES;
				GCC_WARN_ABOUT_RETURN_TYPE = YES_ERROR;
				GCC_WARN_UNDECLARED_SELECTOR = YES;
				GCC_WARN_UNINITIALIZED_AUTOS = YES_AGGRESSIVE;
				GCC_WARN_UNUSED_FUNCTION = YES;
				GCC_WARN_UNUSED_VARIABLE = YES;
				IPHONEOS_DEPLOYMENT_TARGET = 8.4;
				MTL_ENABLE_DEBUG_INFO = YES;
				ONLY_ACTIVE_ARCH = YES;
				SDKROOT = iphoneos;
				SWIFT_OPTIMIZATION_LEVEL = "-Onone";
			};
			name = Debug;
		};
		49086BD21BCC38A500E68F5A /* Release */ = {
			isa = XCBuildConfiguration;
			buildSettings = {
				ALWAYS_SEARCH_USER_PATHS = NO;
				CLANG_CXX_LANGUAGE_STANDARD = "gnu++0x";
				CLANG_CXX_LIBRARY = "libc++";
				CLANG_ENABLE_MODULES = YES;
				CLANG_ENABLE_OBJC_ARC = YES;
				CLANG_WARN_BOOL_CONVERSION = YES;
				CLANG_WARN_CONSTANT_CONVERSION = YES;
				CLANG_WARN_DIRECT_OBJC_ISA_USAGE = YES_ERROR;
				CLANG_WARN_EMPTY_BODY = YES;
				CLANG_WARN_ENUM_CONVERSION = YES;
				CLANG_WARN_INT_CONVERSION = YES;
				CLANG_WARN_OBJC_ROOT_CLASS = YES_ERROR;
				CLANG_WARN_UNREACHABLE_CODE = YES;
				CLANG_WARN__DUPLICATE_METHOD_MATCH = YES;
				"CODE_SIGN_IDENTITY[sdk=iphoneos*]" = "iPhone Developer";
				COPY_PHASE_STRIP = NO;
				DEBUG_INFORMATION_FORMAT = "dwarf-with-dsym";
				ENABLE_NS_ASSERTIONS = NO;
				ENABLE_STRICT_OBJC_MSGSEND = YES;
				GCC_C_LANGUAGE_STANDARD = gnu99;
				GCC_NO_COMMON_BLOCKS = YES;
				GCC_WARN_64_TO_32_BIT_CONVERSION = YES;
				GCC_WARN_ABOUT_RETURN_TYPE = YES_ERROR;
				GCC_WARN_UNDECLARED_SELECTOR = YES;
				GCC_WARN_UNINITIALIZED_AUTOS = YES_AGGRESSIVE;
				GCC_WARN_UNUSED_FUNCTION = YES;
				GCC_WARN_UNUSED_VARIABLE = YES;
				IPHONEOS_DEPLOYMENT_TARGET = 8.4;
				MTL_ENABLE_DEBUG_INFO = NO;
				SDKROOT = iphoneos;
				VALIDATE_PRODUCT = YES;
			};
			name = Release;
		};
		49086BD41BCC38A500E68F5A /* Debug */ = {
			isa = XCBuildConfiguration;
			buildSettings = {
				ASSETCATALOG_COMPILER_APPICON_NAME = AppIcon;
				INFOPLIST_FILE = Supercool/Info.plist;
				LD_RUNPATH_SEARCH_PATHS = "$(inherited) @executable_path/Frameworks";
				PRODUCT_NAME = "$(TARGET_NAME)";
			};
			name = Debug;
		};
		49086BD51BCC38A500E68F5A /* Release */ = {
			isa = XCBuildConfiguration;
			buildSettings = {
				ASSETCATALOG_COMPILER_APPICON_NAME = AppIcon;
				INFOPLIST_FILE = Supercool/Info.plist;
				LD_RUNPATH_SEARCH_PATHS = "$(inherited) @executable_path/Frameworks";
				PRODUCT_NAME = "$(TARGET_NAME)";
			};
			name = Release;
		};
		49086BD71BCC38A500E68F5A /* Debug */ = {
			isa = XCBuildConfiguration;
			buildSettings = {
				BUNDLE_LOADER = "$(TEST_HOST)";
				FRAMEWORK_SEARCH_PATHS = (
					"$(SDKROOT)/Developer/Library/Frameworks",
					"$(inherited)",
				);
				GCC_PREPROCESSOR_DEFINITIONS = (
					"DEBUG=1",
					"$(inherited)",
				);
				INFOPLIST_FILE = SupercoolTests/Info.plist;
				LD_RUNPATH_SEARCH_PATHS = "$(inherited) @executable_path/Frameworks @loader_path/Frameworks";
				PRODUCT_NAME = "$(TARGET_NAME)";
				TEST_HOST = "$(BUILT_PRODUCTS_DIR)/Supercool.app/Supercool";
			};
			name = Debug;
		};
		49086BD81BCC38A500E68F5A /* Release */ = {
			isa = XCBuildConfiguration;
			buildSettings = {
				BUNDLE_LOADER = "$(TEST_HOST)";
				FRAMEWORK_SEARCH_PATHS = (
					"$(SDKROOT)/Developer/Library/Frameworks",
					"$(inherited)",
				);
				INFOPLIST_FILE = SupercoolTests/Info.plist;
				LD_RUNPATH_SEARCH_PATHS = "$(inherited) @executable_path/Frameworks @loader_path/Frameworks";
				PRODUCT_NAME = "$(TARGET_NAME)";
				TEST_HOST = "$(BUILT_PRODUCTS_DIR)/Supercool.app/Supercool";
			};
			name = Release;
		};
/* End XCBuildConfiguration section */

/* Begin XCConfigurationList section */
		49086BAF1BCC38A500E68F5A /* Build configuration list for PBXProject "Supercool" */ = {
			isa = XCConfigurationList;
			buildConfigurations = (
				49086BD11BCC38A500E68F5A /* Debug */,
				49086BD21BCC38A500E68F5A /* Release */,
			);
			defaultConfigurationIsVisible = 0;
			defaultConfigurationName = Release;
		};
		49086BD31BCC38A500E68F5A /* Build configuration list for PBXNativeTarget "Supercool" */ = {
			isa = XCConfigurationList;
			buildConfigurations = (
				49086BD41BCC38A500E68F5A /* Debug */,
				49086BD51BCC38A500E68F5A /* Release */,
			);
			defaultConfigurationIsVisible = 0;
		};
		49086BD61BCC38A500E68F5A /* Build configuration list for PBXNativeTarget "SupercoolTests" */ = {
			isa = XCConfigurationList;
			buildConfigurations = (
				49086BD71BCC38A500E68F5A /* Debug */,
				49086BD81BCC38A500E68F5A /* Release */,
			);
			defaultConfigurationIsVisible = 0;
		};
/* End XCConfigurationList section */
	};
	rootObject = 49086BAC1BCC38A500E68F5A /* Project object */;
}
